
Microsoft Visual Studio Solution File, Format Version 12.00
# Visual Studio 15
VisualStudioVersion = 15.0.27130.2020
MinimumVisualStudioVersion = 10.0.40219.1
Project("{FAE04EC0-301F-11D3-BF4B-00C04F79EFBC}") = "Services", "Services\Services.csproj", "{3BE57102-DE8D-46C3-8E08-7EFB59B8E21B}"
EndProject
Project("{FAE04EC0-301F-11D3-BF4B-00C04F79EFBC}") = "Repositories", "Repositories\Repositories.csproj", "{0D861FED-EA44-48E3-A2DB-BBE1D49D5C9F}"
EndProject
Project("{FAE04EC0-301F-11D3-BF4B-00C04F79EFBC}") = "ConsoleUI", "ConsoleUI\ConsoleUI.csproj", "{D7BCFE1E-B30E-4ED2-9D5A-7F99E3241982}"
EndProject
Project("{FAE04EC0-301F-11D3-BF4B-00C04F79EFBC}") = "Entities", "Entities\Entities.csproj", "{966BCC17-0CBA-493A-85A0-1B62BBCE3D07}"
EndProject
Project("{2150E333-8FDC-42A3-9474-1A3956D46DE8}") = "Tests", "Tests", "{64B4740A-B9E8-40E7-B62B-BD252AD6F619}"
EndProject
Project("{FAE04EC0-301F-11D3-BF4B-00C04F79EFBC}") = "ServicesTests", "Tests\ServicesTests\ServicesTests.csproj", "{FD4275A6-CE03-471F-BF36-068FBD34611B}"
EndProject
Project("{FAE04EC0-301F-11D3-BF4B-00C04F79EFBC}") = "RepositoriesTests", "Tests\RepositoriesTests\RepositoriesTests.csproj", "{17B86754-2340-4ACF-9331-2E6C341AC1C5}"
EndProject
Project("{FAE04EC0-301F-11D3-BF4B-00C04F79EFBC}") = "UtilsTests", "Tests\UtilsTests\UtilsTests.csproj", "{81B8E2FE-261B-4155-A4B1-E9FAE6026F4F}"
EndProject
Global
	GlobalSection(SolutionConfigurationPlatforms) = preSolution
		Debug|Any CPU = Debug|Any CPU
		Release|Any CPU = Release|Any CPU
	EndGlobalSection
	GlobalSection(ProjectConfigurationPlatforms) = postSolution
		{3BE57102-DE8D-46C3-8E08-7EFB59B8E21B}.Debug|Any CPU.ActiveCfg = Debug|Any CPU
		{3BE57102-DE8D-46C3-8E08-7EFB59B8E21B}.Debug|Any CPU.Build.0 = Debug|Any CPU
		{3BE57102-DE8D-46C3-8E08-7EFB59B8E21B}.Release|Any CPU.ActiveCfg = Release|Any CPU
		{3BE57102-DE8D-46C3-8E08-7EFB59B8E21B}.Release|Any CPU.Build.0 = Release|Any CPU
		{0D861FED-EA44-48E3-A2DB-BBE1D49D5C9F}.Debug|Any CPU.ActiveCfg = Debug|Any CPU
		{0D861FED-EA44-48E3-A2DB-BBE1D49D5C9F}.Debug|Any CPU.Build.0 = Debug|Any CPU
		{0D861FED-EA44-48E3-A2DB-BBE1D49D5C9F}.Release|Any CPU.ActiveCfg = Release|Any CPU
		{0D861FED-EA44-48E3-A2DB-BBE1D49D5C9F}.Release|Any CPU.Build.0 = Release|Any CPU
		{D7BCFE1E-B30E-4ED2-9D5A-7F99E3241982}.Debug|Any CPU.ActiveCfg = Debug|Any CPU
		{D7BCFE1E-B30E-4ED2-9D5A-7F99E3241982}.Debug|Any CPU.Build.0 = Debug|Any CPU
		{D7BCFE1E-B30E-4ED2-9D5A-7F99E3241982}.Release|Any CPU.ActiveCfg = Release|Any CPU
		{D7BCFE1E-B30E-4ED2-9D5A-7F99E3241982}.Release|Any CPU.Build.0 = Release|Any CPU
		{966BCC17-0CBA-493A-85A0-1B62BBCE3D07}.Debug|Any CPU.ActiveCfg = Debug|Any CPU
		{966BCC17-0CBA-493A-85A0-1B62BBCE3D07}.Debug|Any CPU.Build.0 = Debug|Any CPU
		{966BCC17-0CBA-493A-85A0-1B62BBCE3D07}.Release|Any CPU.ActiveCfg = Release|Any CPU
		{966BCC17-0CBA-493A-85A0-1B62BBCE3D07}.Release|Any CPU.Build.0 = Release|Any CPU
		{FD4275A6-CE03-471F-BF36-068FBD34611B}.Debug|Any CPU.ActiveCfg = Debug|Any CPU
		{FD4275A6-CE03-471F-BF36-068FBD34611B}.Debug|Any CPU.Build.0 = Debug|Any CPU
		{FD4275A6-CE03-471F-BF36-068FBD34611B}.Release|Any CPU.ActiveCfg = Release|Any CPU
		{FD4275A6-CE03-471F-BF36-068FBD34611B}.Release|Any CPU.Build.0 = Release|Any CPU
		{17B86754-2340-4ACF-9331-2E6C341AC1C5}.Debug|Any CPU.ActiveCfg = Debug|Any CPU
		{17B86754-2340-4ACF-9331-2E6C341AC1C5}.Debug|Any CPU.Build.0 = Debug|Any CPU
		{17B86754-2340-4ACF-9331-2E6C341AC1C5}.Release|Any CPU.ActiveCfg = Release|Any CPU
		{17B86754-2340-4ACF-9331-2E6C341AC1C5}.Release|Any CPU.Build.0 = Release|Any CPU
		{81B8E2FE-261B-4155-A4B1-E9FAE6026F4F}.Debug|Any CPU.ActiveCfg = Debug|Any CPU
		{81B8E2FE-261B-4155-A4B1-E9FAE6026F4F}.Debug|Any CPU.Build.0 = Debug|Any CPU
		{81B8E2FE-261B-4155-A4B1-E9FAE6026F4F}.Release|Any CPU.ActiveCfg = Release|Any CPU
		{81B8E2FE-261B-4155-A4B1-E9FAE6026F4F}.Release|Any CPU.Build.0 = Release|Any CPU
	EndGlobalSection
	GlobalSection(SolutionProperties) = preSolution
		HideSolutionNode = FALSE
	EndGlobalSection
	GlobalSection(NestedProjects) = preSolution
		{FD4275A6-CE03-471F-BF36-068FBD34611B} = {64B4740A-B9E8-40E7-B62B-BD252AD6F619}
		{17B86754-2340-4ACF-9331-2E6C341AC1C5} = {64B4740A-B9E8-40E7-B62B-BD252AD6F619}
		{81B8E2FE-261B-4155-A4B1-E9FAE6026F4F} = {64B4740A-B9E8-40E7-B62B-BD252AD6F619}
	EndGlobalSection
	GlobalSection(ExtensibilityGlobals) = postSolution
		SolutionGuid = {F8866893-45B2-4777-A6EA-2FBA640FB0BD}
	EndGlobalSection
EndGlobal
